// !$*UTF8*$!
{
	archiveVersion = 1;
	classes = {
	};
	objectVersion = 56;
	objects = {

/* Begin PBXBuildFile section */
		2D8BE15A29AAAAAB0014F7B7 /* AppsHorizontalViewController.swift in Sources */ = {isa = PBXBuildFile; fileRef = 2D8BE15929AAAAAB0014F7B7 /* AppsHorizontalViewController.swift */; };
		2D8BE15C29AAAF9C0014F7B7 /* AppRowCell.swift in Sources */ = {isa = PBXBuildFile; fileRef = 2D8BE15B29AAAF9C0014F7B7 /* AppRowCell.swift */; };
		2D8BE15E29AAB6C80014F7B7 /* AppsHeader.swift in Sources */ = {isa = PBXBuildFile; fileRef = 2D8BE15D29AAB6C80014F7B7 /* AppsHeader.swift */; };
		2D8BE16029AAB8560014F7B7 /* AppsHeaderHorizontalController.swift in Sources */ = {isa = PBXBuildFile; fileRef = 2D8BE15F29AAB8560014F7B7 /* AppsHeaderHorizontalController.swift */; };
		2D8BE16229AABA2C0014F7B7 /* AppsHeaderCell.swift in Sources */ = {isa = PBXBuildFile; fileRef = 2D8BE16129AABA2C0014F7B7 /* AppsHeaderCell.swift */; };
		2D8BE16429ABEA580014F7B7 /* AppGroup.swift in Sources */ = {isa = PBXBuildFile; fileRef = 2D8BE16329ABEA580014F7B7 /* AppGroup.swift */; };
		2D8BE16629ABF9D90014F7B7 /* SocialApp.swift in Sources */ = {isa = PBXBuildFile; fileRef = 2D8BE16529ABF9D90014F7B7 /* SocialApp.swift */; };
		2DFE550C29AA057F00C61020 /* AppDelegate.swift in Sources */ = {isa = PBXBuildFile; fileRef = 2DFE550B29AA057F00C61020 /* AppDelegate.swift */; };
		2DFE550E29AA057F00C61020 /* SceneDelegate.swift in Sources */ = {isa = PBXBuildFile; fileRef = 2DFE550D29AA057F00C61020 /* SceneDelegate.swift */; };
		2DFE551529AA057F00C61020 /* Assets.xcassets in Resources */ = {isa = PBXBuildFile; fileRef = 2DFE551429AA057F00C61020 /* Assets.xcassets */; };
		2DFE551829AA057F00C61020 /* LaunchScreen.storyboard in Resources */ = {isa = PBXBuildFile; fileRef = 2DFE551629AA057F00C61020 /* LaunchScreen.storyboard */; };
		2DFE552029AA060500C61020 /* BaseTabBarController.swift in Sources */ = {isa = PBXBuildFile; fileRef = 2DFE551F29AA060500C61020 /* BaseTabBarController.swift */; };
		2DFE552329AA0F0600C61020 /* SearchViewController.swift in Sources */ = {isa = PBXBuildFile; fileRef = 2DFE552229AA0F0600C61020 /* SearchViewController.swift */; };
		2DFE552629AA25A900C61020 /* SearchResultCell.swift in Sources */ = {isa = PBXBuildFile; fileRef = 2DFE552529AA25A900C61020 /* SearchResultCell.swift */; };
		2DFE552929AA3A0000C61020 /* SearchResult.swift in Sources */ = {isa = PBXBuildFile; fileRef = 2DFE552829AA3A0000C61020 /* SearchResult.swift */; };
		2DFE552C29AA40D400C61020 /* NetworkService.swift in Sources */ = {isa = PBXBuildFile; fileRef = 2DFE552B29AA40D400C61020 /* NetworkService.swift */; };
		2DFE552F29AA45F500C61020 /* SDWebImage in Frameworks */ = {isa = PBXBuildFile; productRef = 2DFE552E29AA45F500C61020 /* SDWebImage */; };
		2DFE553429AA54E100C61020 /* AppsViewController.swift in Sources */ = {isa = PBXBuildFile; fileRef = 2DFE553329AA54E100C61020 /* AppsViewController.swift */; };
		2DFE553929AA578200C61020 /* AppsGroupCell.swift in Sources */ = {isa = PBXBuildFile; fileRef = 2DFE553829AA578200C61020 /* AppsGroupCell.swift */; };
/* End PBXBuildFile section */

/* Begin PBXFileReference section */
		2D8BE15929AAAAAB0014F7B7 /* AppsHorizontalViewController.swift */ = {isa = PBXFileReference; lastKnownFileType = sourcecode.swift; path = AppsHorizontalViewController.swift; sourceTree = "<group>"; };
		2D8BE15B29AAAF9C0014F7B7 /* AppRowCell.swift */ = {isa = PBXFileReference; lastKnownFileType = sourcecode.swift; path = AppRowCell.swift; sourceTree = "<group>"; };
		2D8BE15D29AAB6C80014F7B7 /* AppsHeader.swift */ = {isa = PBXFileReference; lastKnownFileType = sourcecode.swift; path = AppsHeader.swift; sourceTree = "<group>"; };
		2D8BE15F29AAB8560014F7B7 /* AppsHeaderHorizontalController.swift */ = {isa = PBXFileReference; lastKnownFileType = sourcecode.swift; path = AppsHeaderHorizontalController.swift; sourceTree = "<group>"; };
		2D8BE16129AABA2C0014F7B7 /* AppsHeaderCell.swift */ = {isa = PBXFileReference; lastKnownFileType = sourcecode.swift; path = AppsHeaderCell.swift; sourceTree = "<group>"; };
		2D8BE16329ABEA580014F7B7 /* AppGroup.swift */ = {isa = PBXFileReference; lastKnownFileType = sourcecode.swift; path = AppGroup.swift; sourceTree = "<group>"; };
		2D8BE16529ABF9D90014F7B7 /* SocialApp.swift */ = {isa = PBXFileReference; lastKnownFileType = sourcecode.swift; path = SocialApp.swift; sourceTree = "<group>"; };
		2DFE550829AA057F00C61020 /* AppStore.app */ = {isa = PBXFileReference; explicitFileType = wrapper.application; includeInIndex = 0; path = AppStore.app; sourceTree = BUILT_PRODUCTS_DIR; };
		2DFE550B29AA057F00C61020 /* AppDelegate.swift */ = {isa = PBXFileReference; lastKnownFileType = sourcecode.swift; path = AppDelegate.swift; sourceTree = "<group>"; };
		2DFE550D29AA057F00C61020 /* SceneDelegate.swift */ = {isa = PBXFileReference; lastKnownFileType = sourcecode.swift; path = SceneDelegate.swift; sourceTree = "<group>"; };
		2DFE551429AA057F00C61020 /* Assets.xcassets */ = {isa = PBXFileReference; lastKnownFileType = folder.assetcatalog; path = Assets.xcassets; sourceTree = "<group>"; };
		2DFE551729AA057F00C61020 /* Base */ = {isa = PBXFileReference; lastKnownFileType = file.storyboard; name = Base; path = Base.lproj/LaunchScreen.storyboard; sourceTree = "<group>"; };
		2DFE551929AA057F00C61020 /* Info.plist */ = {isa = PBXFileReference; lastKnownFileType = text.plist.xml; path = Info.plist; sourceTree = "<group>"; };
		2DFE551F29AA060500C61020 /* BaseTabBarController.swift */ = {isa = PBXFileReference; lastKnownFileType = sourcecode.swift; path = BaseTabBarController.swift; sourceTree = "<group>"; };
		2DFE552229AA0F0600C61020 /* SearchViewController.swift */ = {isa = PBXFileReference; lastKnownFileType = sourcecode.swift; path = SearchViewController.swift; sourceTree = "<group>"; };
		2DFE552529AA25A900C61020 /* SearchResultCell.swift */ = {isa = PBXFileReference; lastKnownFileType = sourcecode.swift; path = SearchResultCell.swift; sourceTree = "<group>"; };
		2DFE552829AA3A0000C61020 /* SearchResult.swift */ = {isa = PBXFileReference; lastKnownFileType = sourcecode.swift; path = SearchResult.swift; sourceTree = "<group>"; };
		2DFE552B29AA40D400C61020 /* NetworkService.swift */ = {isa = PBXFileReference; lastKnownFileType = sourcecode.swift; path = NetworkService.swift; sourceTree = "<group>"; };
		2DFE553329AA54E100C61020 /* AppsViewController.swift */ = {isa = PBXFileReference; lastKnownFileType = sourcecode.swift; path = AppsViewController.swift; sourceTree = "<group>"; };
		2DFE553829AA578200C61020 /* AppsGroupCell.swift */ = {isa = PBXFileReference; lastKnownFileType = sourcecode.swift; path = AppsGroupCell.swift; sourceTree = "<group>"; };
/* End PBXFileReference section */

/* Begin PBXFrameworksBuildPhase section */
		2DFE550529AA057F00C61020 /* Frameworks */ = {
			isa = PBXFrameworksBuildPhase;
			buildActionMask = 2147483647;
			files = (
				2DFE552F29AA45F500C61020 /* SDWebImage in Frameworks */,
			);
			runOnlyForDeploymentPostprocessing = 0;
		};
/* End PBXFrameworksBuildPhase section */

/* Begin PBXGroup section */
		2DFE54FF29AA057F00C61020 = {
			isa = PBXGroup;
			children = (
				2DFE550A29AA057F00C61020 /* AppStore */,
				2DFE550929AA057F00C61020 /* Products */,
			);
			sourceTree = "<group>";
		};
		2DFE550929AA057F00C61020 /* Products */ = {
			isa = PBXGroup;
			children = (
				2DFE550829AA057F00C61020 /* AppStore.app */,
			);
			name = Products;
			sourceTree = "<group>";
		};
		2DFE550A29AA057F00C61020 /* AppStore */ = {
			isa = PBXGroup;
			children = (
				2DFE553129AA53CF00C61020 /* Resources */,
				2DFE553029AA53C500C61020 /* App */,
				2DFE552A29AA40CE00C61020 /* Services */,
				2DFE552729AA39F900C61020 /* Models */,
				2DFE552429AA258700C61020 /* Views */,
				2DFE552129AA0EF800C61020 /* Controllers */,
			);
			path = AppStore;
			sourceTree = "<group>";
		};
		2DFE552129AA0EF800C61020 /* Controllers */ = {
			isa = PBXGroup;
			children = (
				2DFE553529AA569600C61020 /* Search */,
				2DFE553229AA54D300C61020 /* Apps */,
				2DFE551F29AA060500C61020 /* BaseTabBarController.swift */,
			);
			path = Controllers;
			sourceTree = "<group>";
		};
		2DFE552429AA258700C61020 /* Views */ = {
			isa = PBXGroup;
			children = (
				2DFE553729AA576600C61020 /* Apps */,
				2DFE553629AA576000C61020 /* Search */,
			);
			path = Views;
			sourceTree = "<group>";
		};
		2DFE552729AA39F900C61020 /* Models */ = {
			isa = PBXGroup;
			children = (
				2DFE552829AA3A0000C61020 /* SearchResult.swift */,
				2D8BE16329ABEA580014F7B7 /* AppGroup.swift */,
				2D8BE16529ABF9D90014F7B7 /* SocialApp.swift */,
			);
			path = Models;
			sourceTree = "<group>";
		};
		2DFE552A29AA40CE00C61020 /* Services */ = {
			isa = PBXGroup;
			children = (
				2DFE552B29AA40D400C61020 /* NetworkService.swift */,
			);
			path = Services;
			sourceTree = "<group>";
		};
		2DFE553029AA53C500C61020 /* App */ = {
			isa = PBXGroup;
			children = (
				2DFE550B29AA057F00C61020 /* AppDelegate.swift */,
				2DFE550D29AA057F00C61020 /* SceneDelegate.swift */,
			);
			path = App;
			sourceTree = "<group>";
		};
		2DFE553129AA53CF00C61020 /* Resources */ = {
			isa = PBXGroup;
			children = (
				2DFE551429AA057F00C61020 /* Assets.xcassets */,
				2DFE551629AA057F00C61020 /* LaunchScreen.storyboard */,
				2DFE551929AA057F00C61020 /* Info.plist */,
			);
			path = Resources;
			sourceTree = "<group>";
		};
		2DFE553229AA54D300C61020 /* Apps */ = {
			isa = PBXGroup;
			children = (
				2DFE553329AA54E100C61020 /* AppsViewController.swift */,
				2D8BE15929AAAAAB0014F7B7 /* AppsHorizontalViewController.swift */,
				2D8BE15F29AAB8560014F7B7 /* AppsHeaderHorizontalController.swift */,
			);
			path = Apps;
			sourceTree = "<group>";
		};
		2DFE553529AA569600C61020 /* Search */ = {
			isa = PBXGroup;
			children = (
				2DFE552229AA0F0600C61020 /* SearchViewController.swift */,
			);
			path = Search;
			sourceTree = "<group>";
		};
		2DFE553629AA576000C61020 /* Search */ = {
			isa = PBXGroup;
			children = (
				2DFE552529AA25A900C61020 /* SearchResultCell.swift */,
			);
			path = Search;
			sourceTree = "<group>";
		};
		2DFE553729AA576600C61020 /* Apps */ = {
			isa = PBXGroup;
			children = (
				2DFE553829AA578200C61020 /* AppsGroupCell.swift */,
				2D8BE15B29AAAF9C0014F7B7 /* AppRowCell.swift */,
				2D8BE15D29AAB6C80014F7B7 /* AppsHeader.swift */,
				2D8BE16129AABA2C0014F7B7 /* AppsHeaderCell.swift */,
			);
			path = Apps;
			sourceTree = "<group>";
		};
/* End PBXGroup section */

/* Begin PBXNativeTarget section */
		2DFE550729AA057F00C61020 /* AppStore */ = {
			isa = PBXNativeTarget;
			buildConfigurationList = 2DFE551C29AA057F00C61020 /* Build configuration list for PBXNativeTarget "AppStore" */;
			buildPhases = (
				2DFE550429AA057F00C61020 /* Sources */,
				2DFE550529AA057F00C61020 /* Frameworks */,
				2DFE550629AA057F00C61020 /* Resources */,
			);
			buildRules = (
			);
			dependencies = (
			);
			name = AppStore;
			packageProductDependencies = (
				2DFE552E29AA45F500C61020 /* SDWebImage */,
			);
			productName = AppStore;
			productReference = 2DFE550829AA057F00C61020 /* AppStore.app */;
			productType = "com.apple.product-type.application";
		};
/* End PBXNativeTarget section */

/* Begin PBXProject section */
		2DFE550029AA057F00C61020 /* Project object */ = {
			isa = PBXProject;
			attributes = {
				BuildIndependentTargetsInParallel = 1;
				LastSwiftUpdateCheck = 1420;
				LastUpgradeCheck = 1420;
				TargetAttributes = {
					2DFE550729AA057F00C61020 = {
						CreatedOnToolsVersion = 14.2;
					};
				};
			};
			buildConfigurationList = 2DFE550329AA057F00C61020 /* Build configuration list for PBXProject "AppStore" */;
			compatibilityVersion = "Xcode 14.0";
			developmentRegion = en;
			hasScannedForEncodings = 0;
			knownRegions = (
				en,
				Base,
			);
			mainGroup = 2DFE54FF29AA057F00C61020;
			packageReferences = (
				2DFE552D29AA45F500C61020 /* XCRemoteSwiftPackageReference "SDWebImage" */,
			);
			productRefGroup = 2DFE550929AA057F00C61020 /* Products */;
			projectDirPath = "";
			projectRoot = "";
			targets = (
				2DFE550729AA057F00C61020 /* AppStore */,
			);
		};
/* End PBXProject section */

/* Begin PBXResourcesBuildPhase section */
		2DFE550629AA057F00C61020 /* Resources */ = {
			isa = PBXResourcesBuildPhase;
			buildActionMask = 2147483647;
			files = (
				2DFE551829AA057F00C61020 /* LaunchScreen.storyboard in Resources */,
				2DFE551529AA057F00C61020 /* Assets.xcassets in Resources */,
			);
			runOnlyForDeploymentPostprocessing = 0;
		};
/* End PBXResourcesBuildPhase section */

/* Begin PBXSourcesBuildPhase section */
		2DFE550429AA057F00C61020 /* Sources */ = {
			isa = PBXSourcesBuildPhase;
			buildActionMask = 2147483647;
			files = (
				2D8BE15E29AAB6C80014F7B7 /* AppsHeader.swift in Sources */,
				2DFE552329AA0F0600C61020 /* SearchViewController.swift in Sources */,
				2D8BE16029AAB8560014F7B7 /* AppsHeaderHorizontalController.swift in Sources */,
				2D8BE15C29AAAF9C0014F7B7 /* AppRowCell.swift in Sources */,
				2DFE553929AA578200C61020 /* AppsGroupCell.swift in Sources */,
				2DFE552929AA3A0000C61020 /* SearchResult.swift in Sources */,
				2D8BE16629ABF9D90014F7B7 /* SocialApp.swift in Sources */,
				2DFE552C29AA40D400C61020 /* NetworkService.swift in Sources */,
				2DFE552029AA060500C61020 /* BaseTabBarController.swift in Sources */,
				2D8BE16229AABA2C0014F7B7 /* AppsHeaderCell.swift in Sources */,
				2DFE550C29AA057F00C61020 /* AppDelegate.swift in Sources */,
				2D8BE16429ABEA580014F7B7 /* AppGroup.swift in Sources */,
				2D8BE15A29AAAAAB0014F7B7 /* AppsHorizontalViewController.swift in Sources */,
				2DFE552629AA25A900C61020 /* SearchResultCell.swift in Sources */,
				2DFE553429AA54E100C61020 /* AppsViewController.swift in Sources */,
				2DFE550E29AA057F00C61020 /* SceneDelegate.swift in Sources */,
			);
			runOnlyForDeploymentPostprocessing = 0;
		};
/* End PBXSourcesBuildPhase section */

/* Begin PBXVariantGroup section */
		2DFE551629AA057F00C61020 /* LaunchScreen.storyboard */ = {
			isa = PBXVariantGroup;
			children = (
				2DFE551729AA057F00C61020 /* Base */,
			);
			name = LaunchScreen.storyboard;
			sourceTree = "<group>";
		};
/* End PBXVariantGroup section */

/* Begin XCBuildConfiguration section */
		2DFE551A29AA057F00C61020 /* Debug */ = {
			isa = XCBuildConfiguration;
			buildSettings = {
				ALWAYS_SEARCH_USER_PATHS = NO;
				CLANG_ANALYZER_NONNULL = YES;
				CLANG_ANALYZER_NUMBER_OBJECT_CONVERSION = YES_AGGRESSIVE;
				CLANG_CXX_LANGUAGE_STANDARD = "gnu++20";
				CLANG_ENABLE_MODULES = YES;
				CLANG_ENABLE_OBJC_ARC = YES;
				CLANG_ENABLE_OBJC_WEAK = YES;
				CLANG_WARN_BLOCK_CAPTURE_AUTORELEASING = YES;
				CLANG_WARN_BOOL_CONVERSION = YES;
				CLANG_WARN_COMMA = YES;
				CLANG_WARN_CONSTANT_CONVERSION = YES;
				CLANG_WARN_DEPRECATED_OBJC_IMPLEMENTATIONS = YES;
				CLANG_WARN_DIRECT_OBJC_ISA_USAGE = YES_ERROR;
				CLANG_WARN_DOCUMENTATION_COMMENTS = YES;
				CLANG_WARN_EMPTY_BODY = YES;
				CLANG_WARN_ENUM_CONVERSION = YES;
				CLANG_WARN_INFINITE_RECURSION = YES;
				CLANG_WARN_INT_CONVERSION = YES;
				CLANG_WARN_NON_LITERAL_NULL_CONVERSION = YES;
				CLANG_WARN_OBJC_IMPLICIT_RETAIN_SELF = YES;
				CLANG_WARN_OBJC_LITERAL_CONVERSION = YES;
				CLANG_WARN_OBJC_ROOT_CLASS = YES_ERROR;
				CLANG_WARN_QUOTED_INCLUDE_IN_FRAMEWORK_HEADER = YES;
				CLANG_WARN_RANGE_LOOP_ANALYSIS = YES;
				CLANG_WARN_STRICT_PROTOTYPES = YES;
				CLANG_WARN_SUSPICIOUS_MOVE = YES;
				CLANG_WARN_UNGUARDED_AVAILABILITY = YES_AGGRESSIVE;
				CLANG_WARN_UNREACHABLE_CODE = YES;
				CLANG_WARN__DUPLICATE_METHOD_MATCH = YES;
				COPY_PHASE_STRIP = NO;
				DEBUG_INFORMATION_FORMAT = dwarf;
				ENABLE_STRICT_OBJC_MSGSEND = YES;
				ENABLE_TESTABILITY = YES;
				GCC_C_LANGUAGE_STANDARD = gnu11;
				GCC_DYNAMIC_NO_PIC = NO;
				GCC_NO_COMMON_BLOCKS = YES;
				GCC_OPTIMIZATION_LEVEL = 0;
				GCC_PREPROCESSOR_DEFINITIONS = (
					"DEBUG=1",
					"$(inherited)",
				);
				GCC_WARN_64_TO_32_BIT_CONVERSION = YES;
				GCC_WARN_ABOUT_RETURN_TYPE = YES_ERROR;
				GCC_WARN_UNDECLARED_SELECTOR = YES;
				GCC_WARN_UNINITIALIZED_AUTOS = YES_AGGRESSIVE;
				GCC_WARN_UNUSED_FUNCTION = YES;
				GCC_WARN_UNUSED_VARIABLE = YES;
				IPHONEOS_DEPLOYMENT_TARGET = 16.2;
				MTL_ENABLE_DEBUG_INFO = INCLUDE_SOURCE;
				MTL_FAST_MATH = YES;
				ONLY_ACTIVE_ARCH = YES;
				SDKROOT = iphoneos;
				SWIFT_ACTIVE_COMPILATION_CONDITIONS = DEBUG;
				SWIFT_OPTIMIZATION_LEVEL = "-Onone";
			};
			name = Debug;
		};
		2DFE551B29AA057F00C61020 /* Release */ = {
			isa = XCBuildConfiguration;
			buildSettings = {
				ALWAYS_SEARCH_USER_PATHS = NO;
				CLANG_ANALYZER_NONNULL = YES;
				CLANG_ANALYZER_NUMBER_OBJECT_CONVERSION = YES_AGGRESSIVE;
				CLANG_CXX_LANGUAGE_STANDARD = "gnu++20";
				CLANG_ENABLE_MODULES = YES;
				CLANG_ENABLE_OBJC_ARC = YES;
				CLANG_ENABLE_OBJC_WEAK = YES;
				CLANG_WARN_BLOCK_CAPTURE_AUTORELEASING = YES;
				CLANG_WARN_BOOL_CONVERSION = YES;
				CLANG_WARN_COMMA = YES;
				CLANG_WARN_CONSTANT_CONVERSION = YES;
				CLANG_WARN_DEPRECATED_OBJC_IMPLEMENTATIONS = YES;
				CLANG_WARN_DIRECT_OBJC_ISA_USAGE = YES_ERROR;
				CLANG_WARN_DOCUMENTATION_COMMENTS = YES;
				CLANG_WARN_EMPTY_BODY = YES;
				CLANG_WARN_ENUM_CONVERSION = YES;
				CLANG_WARN_INFINITE_RECURSION = YES;
				CLANG_WARN_INT_CONVERSION = YES;
				CLANG_WARN_NON_LITERAL_NULL_CONVERSION = YES;
				CLANG_WARN_OBJC_IMPLICIT_RETAIN_SELF = YES;
				CLANG_WARN_OBJC_LITERAL_CONVERSION = YES;
				CLANG_WARN_OBJC_ROOT_CLASS = YES_ERROR;
				CLANG_WARN_QUOTED_INCLUDE_IN_FRAMEWORK_HEADER = YES;
				CLANG_WARN_RANGE_LOOP_ANALYSIS = YES;
				CLANG_WARN_STRICT_PROTOTYPES = YES;
				CLANG_WARN_SUSPICIOUS_MOVE = YES;
				CLANG_WARN_UNGUARDED_AVAILABILITY = YES_AGGRESSIVE;
				CLANG_WARN_UNREACHABLE_CODE = YES;
				CLANG_WARN__DUPLICATE_METHOD_MATCH = YES;
				COPY_PHASE_STRIP = NO;
				DEBUG_INFORMATION_FORMAT = "dwarf-with-dsym";
				ENABLE_NS_ASSERTIONS = NO;
				ENABLE_STRICT_OBJC_MSGSEND = YES;
				GCC_C_LANGUAGE_STANDARD = gnu11;
				GCC_NO_COMMON_BLOCKS = YES;
				GCC_WARN_64_TO_32_BIT_CONVERSION = YES;
				GCC_WARN_ABOUT_RETURN_TYPE = YES_ERROR;
				GCC_WARN_UNDECLARED_SELECTOR = YES;
				GCC_WARN_UNINITIALIZED_AUTOS = YES_AGGRESSIVE;
				GCC_WARN_UNUSED_FUNCTION = YES;
				GCC_WARN_UNUSED_VARIABLE = YES;
				IPHONEOS_DEPLOYMENT_TARGET = 16.2;
				MTL_ENABLE_DEBUG_INFO = NO;
				MTL_FAST_MATH = YES;
				SDKROOT = iphoneos;
				SWIFT_COMPILATION_MODE = wholemodule;
				SWIFT_OPTIMIZATION_LEVEL = "-O";
				VALIDATE_PRODUCT = YES;
			};
			name = Release;
		};
		2DFE551D29AA057F00C61020 /* Debug */ = {
			isa = XCBuildConfiguration;
			buildSettings = {
				ASSETCATALOG_COMPILER_APPICON_NAME = AppIcon;
				ASSETCATALOG_COMPILER_GLOBAL_ACCENT_COLOR_NAME = AccentColor;
				CODE_SIGN_STYLE = Automatic;
				CURRENT_PROJECT_VERSION = 1;
				DEVELOPMENT_TEAM = HG8VJQPKXZ;
				GENERATE_INFOPLIST_FILE = YES;
				INFOPLIST_FILE = AppStore/Resources/Info.plist;
				INFOPLIST_KEY_UIApplicationSupportsIndirectInputEvents = YES;
				INFOPLIST_KEY_UILaunchStoryboardName = LaunchScreen;
				INFOPLIST_KEY_UISupportedInterfaceOrientations_iPad = "UIInterfaceOrientationPortrait UIInterfaceOrientationPortraitUpsideDown UIInterfaceOrientationLandscapeLeft UIInterfaceOrientationLandscapeRight";
				INFOPLIST_KEY_UISupportedInterfaceOrientations_iPhone = "UIInterfaceOrientationPortrait UIInterfaceOrientationLandscapeLeft UIInterfaceOrientationLandscapeRight";
				LD_RUNPATH_SEARCH_PATHS = (
					"$(inherited)",
					"@executable_path/Frameworks",
				);
				MARKETING_VERSION = 1.0;
				PRODUCT_BUNDLE_IDENTIFIER = dev.nsemir.AppStore;
				PRODUCT_NAME = "$(TARGET_NAME)";
				SWIFT_EMIT_LOC_STRINGS = YES;
				SWIFT_VERSION = 5.0;
				TARGETED_DEVICE_FAMILY = "1,2";
			};
			name = Debug;
		};
		2DFE551E29AA057F00C61020 /* Release */ = {
			isa = XCBuildConfiguration;
			buildSettings = {
				ASSETCATALOG_COMPILER_APPICON_NAME = AppIcon;
				ASSETCATALOG_COMPILER_GLOBAL_ACCENT_COLOR_NAME = AccentColor;
				CODE_SIGN_STYLE = Automatic;
				CURRENT_PROJECT_VERSION = 1;
				DEVELOPMENT_TEAM = HG8VJQPKXZ;
				GENERATE_INFOPLIST_FILE = YES;
				INFOPLIST_FILE = AppStore/Resources/Info.plist;
				INFOPLIST_KEY_UIApplicationSupportsIndirectInputEvents = YES;
				INFOPLIST_KEY_UILaunchStoryboardName = LaunchScreen;
				INFOPLIST_KEY_UISupportedInterfaceOrientations_iPad = "UIInterfaceOrientationPortrait UIInterfaceOrientationPortraitUpsideDown UIInterfaceOrientationLandscapeLeft UIInterfaceOrientationLandscapeRight";
				INFOPLIST_KEY_UISupportedInterfaceOrientations_iPhone = "UIInterfaceOrientationPortrait UIInterfaceOrientationLandscapeLeft UIInterfaceOrientationLandscapeRight";
				LD_RUNPATH_SEARCH_PATHS = (
					"$(inherited)",
					"@executable_path/Frameworks",
				);
				MARKETING_VERSION = 1.0;
				PRODUCT_BUNDLE_IDENTIFIER = dev.nsemir.AppStore;
				PRODUCT_NAME = "$(TARGET_NAME)";
				SWIFT_EMIT_LOC_STRINGS = YES;
				SWIFT_VERSION = 5.0;
				TARGETED_DEVICE_FAMILY = "1,2";
			};
			name = Release;
		};
/* End XCBuildConfiguration section */

/* Begin XCConfigurationList section */
		2DFE550329AA057F00C61020 /* Build configuration list for PBXProject "AppStore" */ = {
			isa = XCConfigurationList;
			buildConfigurations = (
				2DFE551A29AA057F00C61020 /* Debug */,
				2DFE551B29AA057F00C61020 /* Release */,
			);
			defaultConfigurationIsVisible = 0;
			defaultConfigurationName = Release;
		};
		2DFE551C29AA057F00C61020 /* Build configuration list for PBXNativeTarget "AppStore" */ = {
			isa = XCConfigurationList;
			buildConfigurations = (
				2DFE551D29AA057F00C61020 /* Debug */,
				2DFE551E29AA057F00C61020 /* Release */,
			);
			defaultConfigurationIsVisible = 0;
			defaultConfigurationName = Release;
		};
/* End XCConfigurationList section */

/* Begin XCRemoteSwiftPackageReference section */
		2DFE552D29AA45F500C61020 /* XCRemoteSwiftPackageReference "SDWebImage" */ = {
			isa = XCRemoteSwiftPackageReference;
			repositoryURL = "https://github.com/SDWebImage/SDWebImage.git";
			requirement = {
				kind = upToNextMajorVersion;
				minimumVersion = 5.0.0;
			};
		};
/* End XCRemoteSwiftPackageReference section */

/* Begin XCSwiftPackageProductDependency section */
		2DFE552E29AA45F500C61020 /* SDWebImage */ = {
			isa = XCSwiftPackageProductDependency;
			package = 2DFE552D29AA45F500C61020 /* XCRemoteSwiftPackageReference "SDWebImage" */;
			productName = SDWebImage;
		};
/* End XCSwiftPackageProductDependency section */
	};
	rootObject = 2DFE550029AA057F00C61020 /* Project object */;
}
